
Microsoft Visual Studio Solution File, Format Version 12.00
# Visual Studio Version 17
VisualStudioVersion = 17.8.34316.72
MinimumVisualStudioVersion = 10.0.40219.1
Project("{9A19103F-16F7-4668-BE54-9A1E7A4F7556}") = "LabLibrary", "LabLibrary.csproj", "{B05F9DCB-F2F2-4AC6-96ED-3DD1239DF115}"
EndProject
Global
	GlobalSection(SolutionConfigurationPlatforms) = preSolution
		Debug|Any CPU = Debug|Any CPU
		Release|Any CPU = Release|Any CPU
	EndGlobalSection
	GlobalSection(ProjectConfigurationPlatforms) = postSolution
		{B05F9DCB-F2F2-4AC6-96ED-3DD1239DF115}.Debug|Any CPU.ActiveCfg = Debug|Any CPU
		{B05F9DCB-F2F2-4AC6-96ED-3DD1239DF115}.Debug|Any CPU.Build.0 = Debug|Any CPU
		{B05F9DCB-F2F2-4AC6-96ED-3DD1239DF115}.Release|Any CPU.ActiveCfg = Release|Any CPU
		{B05F9DCB-F2F2-4AC6-96ED-3DD1239DF115}.Release|Any CPU.Build.0 = Release|Any CPU
	EndGlobalSection
	GlobalSection(SolutionProperties) = preSolution
		HideSolutionNode = FALSE
	EndGlobalSection
	GlobalSection(ExtensibilityGlobals) = postSolution
		SolutionGuid = {18542923-7E83-44CB-AB49-F8DA80662775}
	EndGlobalSection
EndGlobal
